
Microsoft Visual Studio Solution File, Format Version 12.00
# Visual Studio Version 17
VisualStudioVersion = 17.14.36518.9 d17.14
MinimumVisualStudioVersion = 10.0.40219.1
Project("{FAE04EC0-301F-11D3-BF4B-00C04F79EFBC}") = "NI_visa-practice", "NI_visa-practice\NI_visa-practice.csproj", "{35FAD140-E6F6-4137-A05F-755FEC23F372}"
EndProject
Global
	GlobalSection(SolutionConfigurationPlatforms) = preSolution
		Debug|Any CPU = Debug|Any CPU
		Release|Any CPU = Release|Any CPU
	EndGlobalSection
	GlobalSection(ProjectConfigurationPlatforms) = postSolution
		{35FAD140-E6F6-4137-A05F-755FEC23F372}.Debug|Any CPU.ActiveCfg = Debug|Any CPU
		{35FAD140-E6F6-4137-A05F-755FEC23F372}.Debug|Any CPU.Build.0 = Debug|Any CPU
		{35FAD140-E6F6-4137-A05F-755FEC23F372}.Release|Any CPU.ActiveCfg = Release|Any CPU
		{35FAD140-E6F6-4137-A05F-755FEC23F372}.Release|Any CPU.Build.0 = Release|Any CPU
	EndGlobalSection
	GlobalSection(SolutionProperties) = preSolution
		HideSolutionNode = FALSE
	EndGlobalSection
	GlobalSection(ExtensibilityGlobals) = postSolution
		SolutionGuid = {3DCFAF7A-31CB-4B5A-92AD-3B3B3378C382}
	EndGlobalSection
EndGlobal
